
Microsoft Visual Studio Solution File, Format Version 12.00
# Visual Studio Version 17
VisualStudioVersion = 17.14.36518.9 d17.14
MinimumVisualStudioVersion = 10.0.40219.1
Project("{FAE04EC0-301F-11D3-BF4B-00C04F79EFBC}") = "Calisma", "Calisma\Calisma.csproj", "{7C02E38B-610D-48A0-B972-5760571F759A}"
EndProject
Global
	GlobalSection(SolutionConfigurationPlatforms) = preSolution
		Debug|Any CPU = Debug|Any CPU
		Release|Any CPU = Release|Any CPU
	EndGlobalSection
	GlobalSection(ProjectConfigurationPlatforms) = postSolution
		{7C02E38B-610D-48A0-B972-5760571F759A}.Debug|Any CPU.ActiveCfg = Debug|Any CPU
		{7C02E38B-610D-48A0-B972-5760571F759A}.Debug|Any CPU.Build.0 = Debug|Any CPU
		{7C02E38B-610D-48A0-B972-5760571F759A}.Release|Any CPU.ActiveCfg = Release|Any CPU
		{7C02E38B-610D-48A0-B972-5760571F759A}.Release|Any CPU.Build.0 = Release|Any CPU
	EndGlobalSection
	GlobalSection(SolutionProperties) = preSolution
		HideSolutionNode = FALSE
	EndGlobalSection
	GlobalSection(ExtensibilityGlobals) = postSolution
		SolutionGuid = {5EF18C4D-F709-4F99-BA83-6CC6F200FC8B}
	EndGlobalSection
EndGlobal
