
Microsoft Visual Studio Solution File, Format Version 12.00
# Visual Studio Version 17
VisualStudioVersion = 17.14.36717.8 d17.14
MinimumVisualStudioVersion = 10.0.40219.1
Project("{FAE04EC0-301F-11D3-BF4B-00C04F79EFBC}") = "HugeIntegerApp", "HugeIntegerApp.csproj", "{69C59CC4-DADA-42F7-AF3E-519CD46436DA}"
EndProject
Global
	GlobalSection(SolutionConfigurationPlatforms) = preSolution
		Debug|Any CPU = Debug|Any CPU
		Release|Any CPU = Release|Any CPU
	EndGlobalSection
	GlobalSection(ProjectConfigurationPlatforms) = postSolution
		{69C59CC4-DADA-42F7-AF3E-519CD46436DA}.Debug|Any CPU.ActiveCfg = Debug|Any CPU
		{69C59CC4-DADA-42F7-AF3E-519CD46436DA}.Debug|Any CPU.Build.0 = Debug|Any CPU
		{69C59CC4-DADA-42F7-AF3E-519CD46436DA}.Release|Any CPU.ActiveCfg = Release|Any CPU
		{69C59CC4-DADA-42F7-AF3E-519CD46436DA}.Release|Any CPU.Build.0 = Release|Any CPU
	EndGlobalSection
	GlobalSection(SolutionProperties) = preSolution
		HideSolutionNode = FALSE
	EndGlobalSection
	GlobalSection(ExtensibilityGlobals) = postSolution
		SolutionGuid = {D4793861-D28A-4500-AE76-4DFDE3831001}
	EndGlobalSection
EndGlobal
