
Microsoft Visual Studio Solution File, Format Version 12.00
# Visual Studio Version 17
VisualStudioVersion = 17.14.36518.9 d17.14
MinimumVisualStudioVersion = 10.0.40219.1
Project("{FAE04EC0-301F-11D3-BF4B-00C04F79EFBC}") = "KalpAtisHiziHesaplayici", "KalpAtisHiziHesaplayici.csproj", "{ACB66DB3-4D4E-4341-9CBA-872AA82E0DD5}"
EndProject
Global
	GlobalSection(SolutionConfigurationPlatforms) = preSolution
		Debug|Any CPU = Debug|Any CPU
		Release|Any CPU = Release|Any CPU
	EndGlobalSection
	GlobalSection(ProjectConfigurationPlatforms) = postSolution
		{ACB66DB3-4D4E-4341-9CBA-872AA82E0DD5}.Debug|Any CPU.ActiveCfg = Debug|Any CPU
		{ACB66DB3-4D4E-4341-9CBA-872AA82E0DD5}.Debug|Any CPU.Build.0 = Debug|Any CPU
		{ACB66DB3-4D4E-4341-9CBA-872AA82E0DD5}.Release|Any CPU.ActiveCfg = Release|Any CPU
		{ACB66DB3-4D4E-4341-9CBA-872AA82E0DD5}.Release|Any CPU.Build.0 = Release|Any CPU
	EndGlobalSection
	GlobalSection(SolutionProperties) = preSolution
		HideSolutionNode = FALSE
	EndGlobalSection
	GlobalSection(ExtensibilityGlobals) = postSolution
		SolutionGuid = {FEBC36CF-D0DA-4F29-9E51-CB4D88F29D59}
	EndGlobalSection
EndGlobal
