
Microsoft Visual Studio Solution File, Format Version 12.00
# Visual Studio Version 17
VisualStudioVersion = 17.14.36717.8 d17.14
MinimumVisualStudioVersion = 10.0.40219.1
Project("{FAE04EC0-301F-11D3-BF4B-00C04F79EFBC}") = "PolymorphismTest", "PolymorphismTest.csproj", "{4DA2B045-67A6-4DF5-9055-D6FD80788B8D}"
EndProject
Global
	GlobalSection(SolutionConfigurationPlatforms) = preSolution
		Debug|Any CPU = Debug|Any CPU
		Release|Any CPU = Release|Any CPU
	EndGlobalSection
	GlobalSection(ProjectConfigurationPlatforms) = postSolution
		{4DA2B045-67A6-4DF5-9055-D6FD80788B8D}.Debug|Any CPU.ActiveCfg = Debug|Any CPU
		{4DA2B045-67A6-4DF5-9055-D6FD80788B8D}.Debug|Any CPU.Build.0 = Debug|Any CPU
		{4DA2B045-67A6-4DF5-9055-D6FD80788B8D}.Release|Any CPU.ActiveCfg = Release|Any CPU
		{4DA2B045-67A6-4DF5-9055-D6FD80788B8D}.Release|Any CPU.Build.0 = Release|Any CPU
	EndGlobalSection
	GlobalSection(SolutionProperties) = preSolution
		HideSolutionNode = FALSE
	EndGlobalSection
	GlobalSection(ExtensibilityGlobals) = postSolution
		SolutionGuid = {34B5893E-691D-4433-99CD-7503E123FE59}
	EndGlobalSection
EndGlobal
