
Microsoft Visual Studio Solution File, Format Version 12.00
# Visual Studio Version 17
VisualStudioVersion = 17.14.36518.9 d17.14
MinimumVisualStudioVersion = 10.0.40219.1
Project("{FAE04EC0-301F-11D3-BF4B-00C04F79EFBC}") = "ElmasCizimi", "ElmasCizimi.csproj", "{42F3F439-13B6-4287-97FA-A6C28F5D788D}"
EndProject
Global
	GlobalSection(SolutionConfigurationPlatforms) = preSolution
		Debug|Any CPU = Debug|Any CPU
		Release|Any CPU = Release|Any CPU
	EndGlobalSection
	GlobalSection(ProjectConfigurationPlatforms) = postSolution
		{42F3F439-13B6-4287-97FA-A6C28F5D788D}.Debug|Any CPU.ActiveCfg = Debug|Any CPU
		{42F3F439-13B6-4287-97FA-A6C28F5D788D}.Debug|Any CPU.Build.0 = Debug|Any CPU
		{42F3F439-13B6-4287-97FA-A6C28F5D788D}.Release|Any CPU.ActiveCfg = Release|Any CPU
		{42F3F439-13B6-4287-97FA-A6C28F5D788D}.Release|Any CPU.Build.0 = Release|Any CPU
	EndGlobalSection
	GlobalSection(SolutionProperties) = preSolution
		HideSolutionNode = FALSE
	EndGlobalSection
	GlobalSection(ExtensibilityGlobals) = postSolution
		SolutionGuid = {669E2563-A713-41F1-88BB-85E24672E70F}
	EndGlobalSection
EndGlobal
